
Microsoft Visual Studio Solution File, Format Version 12.00
# Visual Studio Version 16
VisualStudioVersion = 16.0.29201.188
MinimumVisualStudioVersion = 10.0.40219.1
Project("{FAE04EC0-301F-11D3-BF4B-00C04F79EFBC}") = "Presentacion", "Presentacion\Presentacion.csproj", "{440F2595-C3D1-4E79-B61A-D73BB1B47C76}"
EndProject
Project("{FAE04EC0-301F-11D3-BF4B-00C04F79EFBC}") = "Test", "Test\Test.csproj", "{7DB15363-4517-4BE4-8333-7F250455827F}"
EndProject
Project("{FAE04EC0-301F-11D3-BF4B-00C04F79EFBC}") = "Salario.DataAccess", "Salario.DataAccess\Salario.DataAccess.csproj", "{7F78E40C-4A5D-41AF-94E6-C883E0A15A50}"
EndProject
Project("{FAE04EC0-301F-11D3-BF4B-00C04F79EFBC}") = "SalarioEmpleados.Model", "SalarioEmpleados.Model\SalarioEmpleados.Model.csproj", "{5F8E88FA-CCA9-478C-8AAE-561B626A1F6A}"
EndProject
Project("{FAE04EC0-301F-11D3-BF4B-00C04F79EFBC}") = "SalarioEmpleados.Busines", "SalarioEmpleados.Busines\SalarioEmpleados.Busines.csproj", "{B7810F3E-5B6F-49B5-ABAC-A8B25C53B169}"
EndProject
Global
	GlobalSection(SolutionConfigurationPlatforms) = preSolution
		Debug|Any CPU = Debug|Any CPU
		Release|Any CPU = Release|Any CPU
	EndGlobalSection
	GlobalSection(ProjectConfigurationPlatforms) = postSolution
		{440F2595-C3D1-4E79-B61A-D73BB1B47C76}.Debug|Any CPU.ActiveCfg = Debug|Any CPU
		{440F2595-C3D1-4E79-B61A-D73BB1B47C76}.Debug|Any CPU.Build.0 = Debug|Any CPU
		{440F2595-C3D1-4E79-B61A-D73BB1B47C76}.Release|Any CPU.ActiveCfg = Release|Any CPU
		{440F2595-C3D1-4E79-B61A-D73BB1B47C76}.Release|Any CPU.Build.0 = Release|Any CPU
		{7DB15363-4517-4BE4-8333-7F250455827F}.Debug|Any CPU.ActiveCfg = Debug|Any CPU
		{7DB15363-4517-4BE4-8333-7F250455827F}.Debug|Any CPU.Build.0 = Debug|Any CPU
		{7DB15363-4517-4BE4-8333-7F250455827F}.Release|Any CPU.ActiveCfg = Release|Any CPU
		{7DB15363-4517-4BE4-8333-7F250455827F}.Release|Any CPU.Build.0 = Release|Any CPU
		{7F78E40C-4A5D-41AF-94E6-C883E0A15A50}.Debug|Any CPU.ActiveCfg = Debug|Any CPU
		{7F78E40C-4A5D-41AF-94E6-C883E0A15A50}.Debug|Any CPU.Build.0 = Debug|Any CPU
		{7F78E40C-4A5D-41AF-94E6-C883E0A15A50}.Release|Any CPU.ActiveCfg = Release|Any CPU
		{7F78E40C-4A5D-41AF-94E6-C883E0A15A50}.Release|Any CPU.Build.0 = Release|Any CPU
		{5F8E88FA-CCA9-478C-8AAE-561B626A1F6A}.Debug|Any CPU.ActiveCfg = Debug|Any CPU
		{5F8E88FA-CCA9-478C-8AAE-561B626A1F6A}.Debug|Any CPU.Build.0 = Debug|Any CPU
		{5F8E88FA-CCA9-478C-8AAE-561B626A1F6A}.Release|Any CPU.ActiveCfg = Release|Any CPU
		{5F8E88FA-CCA9-478C-8AAE-561B626A1F6A}.Release|Any CPU.Build.0 = Release|Any CPU
		{B7810F3E-5B6F-49B5-ABAC-A8B25C53B169}.Debug|Any CPU.ActiveCfg = Debug|Any CPU
		{B7810F3E-5B6F-49B5-ABAC-A8B25C53B169}.Debug|Any CPU.Build.0 = Debug|Any CPU
		{B7810F3E-5B6F-49B5-ABAC-A8B25C53B169}.Release|Any CPU.ActiveCfg = Release|Any CPU
		{B7810F3E-5B6F-49B5-ABAC-A8B25C53B169}.Release|Any CPU.Build.0 = Release|Any CPU
	EndGlobalSection
	GlobalSection(SolutionProperties) = preSolution
		HideSolutionNode = FALSE
	EndGlobalSection
	GlobalSection(ExtensibilityGlobals) = postSolution
		SolutionGuid = {B6580F62-9B0E-41D1-B60A-6F155F39BD37}
	EndGlobalSection
EndGlobal
